
Microsoft Visual Studio Solution File, Format Version 12.00
# Visual Studio Version 16
VisualStudioVersion = 16.0.29728.190
MinimumVisualStudioVersion = 10.0.40219.1
Project("{FAE04EC0-301F-11D3-BF4B-00C04F79EFBC}") = "MvcMusicStore", "MvcMusicStore\MvcMusicStore.csproj", "{40EED4D6-A2BD-461B-B4F0-0D2D66B4C975}"
EndProject
Project("{FAE04EC0-301F-11D3-BF4B-00C04F79EFBC}") = "WebApiTokenAuthentication", "WebApiTokenAuthentication\WebApiTokenAuthentication.csproj", "{A7B342C4-6EFD-4822-B9BC-9706F522D30C}"
EndProject
Global
	GlobalSection(SolutionConfigurationPlatforms) = preSolution
		Debug|Any CPU = Debug|Any CPU
		Release|Any CPU = Release|Any CPU
	EndGlobalSection
	GlobalSection(ProjectConfigurationPlatforms) = postSolution
		{40EED4D6-A2BD-461B-B4F0-0D2D66B4C975}.Debug|Any CPU.ActiveCfg = Debug|Any CPU
		{40EED4D6-A2BD-461B-B4F0-0D2D66B4C975}.Debug|Any CPU.Build.0 = Debug|Any CPU
		{40EED4D6-A2BD-461B-B4F0-0D2D66B4C975}.Release|Any CPU.ActiveCfg = Release|Any CPU
		{40EED4D6-A2BD-461B-B4F0-0D2D66B4C975}.Release|Any CPU.Build.0 = Release|Any CPU
		{A7B342C4-6EFD-4822-B9BC-9706F522D30C}.Debug|Any CPU.ActiveCfg = Debug|Any CPU
		{A7B342C4-6EFD-4822-B9BC-9706F522D30C}.Debug|Any CPU.Build.0 = Debug|Any CPU
		{A7B342C4-6EFD-4822-B9BC-9706F522D30C}.Release|Any CPU.ActiveCfg = Release|Any CPU
		{A7B342C4-6EFD-4822-B9BC-9706F522D30C}.Release|Any CPU.Build.0 = Release|Any CPU
	EndGlobalSection
	GlobalSection(SolutionProperties) = preSolution
		HideSolutionNode = FALSE
	EndGlobalSection
	GlobalSection(ExtensibilityGlobals) = postSolution
		SolutionGuid = {3D860A6A-CF0A-4853-8C3E-3733ECFEB459}
	EndGlobalSection
EndGlobal
